<?xml version="1.0" encoding="utf-8"?>
<Project ToolsVersion="4.0" xmlns="http://schemas.microsoft.com/developer/msbuild/2003">
  <ItemGroup>
    <ClCompile Include="..\..\0. C++ Code\Logic Game\Scrabble\Board.cpp">
      <Filter>Logic Game\Scrabble</Filter>
    </ClCompile>
    <ClCompile Include="..\..\0. C++ Code\Logic Game\Scrabble\Button.cpp">
      <Filter>Logic Game\Scrabble</Filter>
    </ClCompile>
    <ClCompile Include="..\..\0. C++ Code\Logic Game\Scrabble\Cell.cpp">
      <Filter>Logic Game\Scrabble</Filter>
    </ClCompile>
    <ClCompile Include="..\..\0. C++ Code\Logic Game\Scrabble\Dictionary.cpp">
      <Filter>Logic Game\Scrabble</Filter>
    </ClCompile>
    <ClCompile Include="..\..\0. C++ Code\Logic Game\GraphicManager.cpp">
      <Filter>Logic Game</Filter>
    </ClCompile>
    <ClCompile Include="..\..\0. C++ Code\Logic Game\joc.cpp">
      <Filter>Logic Game</Filter>
    </ClCompile>
    <ClCompile Include="..\..\0. C++ Code\Graphic Lib\debug.cpp">
      <Filter>Graphic Lib</Filter>
    </ClCompile>
    <ClCompile Include="..\..\0. C++ Code\Graphic Lib\image_png.cpp">
      <Filter>Graphic Lib</Filter>
    </ClCompile>
    <ClCompile Include="..\..\0. C++ Code\Graphic Lib\keyboard.cpp">
      <Filter>Graphic Lib</Filter>
    </ClCompile>
    <ClCompile Include="..\..\0. C++ Code\Logic Game\Scrabble\LettersBag.cpp">
      <Filter>Logic Game\Scrabble</Filter>
    </ClCompile>
    <ClCompile Include="..\..\0. C++ Code\Logic Game\main.cpp">
      <Filter>Logic Game</Filter>
    </ClCompile>
    <ClCompile Include="..\..\0. C++ Code\Graphic Lib\mouse.cpp">
      <Filter>Graphic Lib</Filter>
    </ClCompile>
    <ClCompile Include="..\..\0. C++ Code\Graphic Lib\NFont\NFont.cpp">
      <Filter>Graphic Lib\NFont</Filter>
    </ClCompile>
    <ClCompile Include="..\..\0. C++ Code\Logic Game\Scrabble\Player.cpp">
      <Filter>Logic Game\Scrabble</Filter>
    </ClCompile>
    <ClCompile Include="..\..\0. C++ Code\Logic Game\Scrabble\PlayerTile.cpp">
      <Filter>Logic Game\Scrabble</Filter>
    </ClCompile>
    <ClCompile Include="..\..\0. C++ Code\Logic Game\Scrabble\ScrabbleGame.cpp">
      <Filter>Logic Game\Scrabble</Filter>
    </ClCompile>
    <ClCompile Include="..\..\0. C++ Code\Graphic Lib\sound.cpp">
      <Filter>Graphic Lib</Filter>
    </ClCompile>
    <ClCompile Include="..\..\0. C++ Code\Graphic Lib\sprites.cpp">
      <Filter>Graphic Lib</Filter>
    </ClCompile>
    <ClCompile Include="..\..\0. C++ Code\Graphic Lib\stb_vorbis.cpp">
      <Filter>Graphic Lib</Filter>
    </ClCompile>
    <ClCompile Include="..\..\0. C++ Code\Graphic Lib\video.cpp">
      <Filter>Graphic Lib</Filter>
    </ClCompile>
    <ClCompile Include="..\..\0. C++ Code\Logic Game\Scrabble\Tile.cpp">
      <Filter>Logic Game\Scrabble</Filter>
    </ClCompile>
    <ClCompile Include="..\..\0. C++ Code\Graphic Lib\NFont\SDL_FontCache.c">
      <Filter>Graphic Lib\NFont</Filter>
    </ClCompile>
    <ClCompile Include="..\..\0. C++ Code\Logic Game\Scrabble\WordFinder.cpp">
      <Filter>Logic Game\Scrabble</Filter>
    </ClCompile>
  </ItemGroup>
  <ItemGroup>
    <ClInclude Include="..\..\0. C++ Code\Logic Game\Scrabble\Board.h">
      <Filter>Logic Game\Scrabble</Filter>
    </ClInclude>
    <ClInclude Include="..\..\0. C++ Code\Logic Game\Scrabble\Button.h">
      <Filter>Logic Game\Scrabble</Filter>
    </ClInclude>
    <ClInclude Include="..\..\0. C++ Code\Logic Game\Scrabble\Cell.h">
      <Filter>Logic Game\Scrabble</Filter>
    </ClInclude>
    <ClInclude Include="..\..\0. C++ Code\Logic Game\Scrabble\Dictionary.h">
      <Filter>Logic Game\Scrabble</Filter>
    </ClInclude>
    <ClInclude Include="..\..\0. C++ Code\Logic Game\GraphicManager.h">
      <Filter>Logic Game</Filter>
    </ClInclude>
    <ClInclude Include="..\..\0. C++ Code\Logic Game\joc.h">
      <Filter>Logic Game</Filter>
    </ClInclude>
    <ClInclude Include="..\..\0. C++ Code\Graphic Lib\debug.h">
      <Filter>Graphic Lib</Filter>
    </ClInclude>
    <ClInclude Include="..\..\0. C++ Code\Graphic Lib\error.h">
      <Filter>Graphic Lib</Filter>
    </ClInclude>
    <ClInclude Include="..\..\0. C++ Code\Graphic Lib\image_png.h">
      <Filter>Graphic Lib</Filter>
    </ClInclude>
    <ClInclude Include="..\..\0. C++ Code\Graphic Lib\keyboard.h">
      <Filter>Graphic Lib</Filter>
    </ClInclude>
    <ClInclude Include="..\..\0. C++ Code\Graphic Lib\keyboard_sdl.h">
      <Filter>Graphic Lib</Filter>
    </ClInclude>
    <ClInclude Include="..\..\0. C++ Code\Logic Game\Scrabble\LettersBag.h">
      <Filter>Logic Game\Scrabble</Filter>
    </ClInclude>
    <ClInclude Include="..\..\0. C++ Code\Graphic Lib\libreria.h">
      <Filter>Graphic Lib</Filter>
    </ClInclude>
    <ClInclude Include="..\..\0. C++ Code\Graphic Lib\mouse.h">
      <Filter>Graphic Lib</Filter>
    </ClInclude>
    <ClInclude Include="..\..\0. C++ Code\Graphic Lib\NFont\NFont.h">
      <Filter>Graphic Lib\NFont</Filter>
    </ClInclude>
    <ClInclude Include="..\..\0. C++ Code\Graphic Lib\NFont\NFont_gpu.h">
      <Filter>Graphic Lib\NFont</Filter>
    </ClInclude>
    <ClInclude Include="..\..\0. C++ Code\Logic Game\Scrabble\Player.h">
      <Filter>Logic Game\Scrabble</Filter>
    </ClInclude>
    <ClInclude Include="..\..\0. C++ Code\Logic Game\Scrabble\PlayerTile.h">
      <Filter>Logic Game\Scrabble</Filter>
    </ClInclude>
    <ClInclude Include="..\..\0. C++ Code\Logic Game\Scrabble\ScrabbleGame.h">
      <Filter>Logic Game\Scrabble</Filter>
    </ClInclude>
    <ClInclude Include="..\..\0. C++ Code\Graphic Lib\sound.h">
      <Filter>Graphic Lib</Filter>
    </ClInclude>
    <ClInclude Include="..\..\0. C++ Code\Graphic Lib\sprites.h">
      <Filter>Graphic Lib</Filter>
    </ClInclude>
    <ClInclude Include="..\..\0. C++ Code\Graphic Lib\stb_vorbis.h">
      <Filter>Graphic Lib</Filter>
    </ClInclude>
    <ClInclude Include="..\..\0. C++ Code\Graphic Lib\video.h">
      <Filter>Graphic Lib</Filter>
    </ClInclude>
    <ClInclude Include="..\..\0. C++ Code\Logic Game\Scrabble\Tile.h">
      <Filter>Logic Game\Scrabble</Filter>
    </ClInclude>
    <ClInclude Include="..\..\0. C++ Code\Graphic Lib\NFont\SDL_FontCache.h">
      <Filter>Graphic Lib\NFont</Filter>
    </ClInclude>
    <ClInclude Include="..\..\0. C++ Code\Logic Game\Scrabble\WordFinder.h">
      <Filter>Logic Game\Scrabble</Filter>
    </ClInclude>
    <ClInclude Include="..\..\0. C++ Code\Logic Game\Scrabble\BoardPosition.h">
      <Filter>Logic Game\Scrabble</Filter>
    </ClInclude>
  </ItemGroup>
  <ItemGroup>
    <Filter Include="Logic Game">
      <UniqueIdentifier>{b995966c-740d-4169-a8c9-401398615794}</UniqueIdentifier>
    </Filter>
    <Filter Include="Graphic Lib">
      <UniqueIdentifier>{bdb3dc88-f1a5-432d-99ec-5746c2ec45f6}</UniqueIdentifier>
    </Filter>
    <Filter Include="Graphic Lib\NFont">
      <UniqueIdentifier>{2d2b6b7d-a117-43ba-b140-53493b5ebdfc}</UniqueIdentifier>
    </Filter>
    <Filter Include="Logic Game\Scrabble">
      <UniqueIdentifier>{c80e5877-5614-47f9-8069-cf28f98239e9}</UniqueIdentifier>
    </Filter>
  </ItemGroup>
</Project>