
Microsoft Visual Studio Solution File, Format Version 12.00
# Visual Studio 15
VisualStudioVersion = 15.0.27130.2024
MinimumVisualStudioVersion = 10.0.40219.1
Project("{8BC9CEB8-8B4A-11D0-8D11-00A0C91BC942}") = "S2-Ex2", "S2-Ex2.vcxproj", "{509D2C6B-CB24-4A47-8752-EDDBEB980B4A}"
EndProject
Global
	GlobalSection(SolutionConfigurationPlatforms) = preSolution
		Debug|x64 = Debug|x64
		Debug|x86 = Debug|x86
		Release|x64 = Release|x64
		Release|x86 = Release|x86
	EndGlobalSection
	GlobalSection(ProjectConfigurationPlatforms) = postSolution
		{509D2C6B-CB24-4A47-8752-EDDBEB980B4A}.Debug|x64.ActiveCfg = Debug|x64
		{509D2C6B-CB24-4A47-8752-EDDBEB980B4A}.Debug|x64.Build.0 = Debug|x64
		{509D2C6B-CB24-4A47-8752-EDDBEB980B4A}.Debug|x86.ActiveCfg = Debug|Win32
		{509D2C6B-CB24-4A47-8752-EDDBEB980B4A}.Debug|x86.Build.0 = Debug|Win32
		{509D2C6B-CB24-4A47-8752-EDDBEB980B4A}.Release|x64.ActiveCfg = Release|x64
		{509D2C6B-CB24-4A47-8752-EDDBEB980B4A}.Release|x64.Build.0 = Release|x64
		{509D2C6B-CB24-4A47-8752-EDDBEB980B4A}.Release|x86.ActiveCfg = Release|Win32
		{509D2C6B-CB24-4A47-8752-EDDBEB980B4A}.Release|x86.Build.0 = Release|Win32
	EndGlobalSection
	GlobalSection(SolutionProperties) = preSolution
		HideSolutionNode = FALSE
	EndGlobalSection
	GlobalSection(ExtensibilityGlobals) = postSolution
		SolutionGuid = {EBADDE0A-D094-4E33-92E4-4F365D2F3CAE}
	EndGlobalSection
EndGlobal
