
Microsoft Visual Studio Solution File, Format Version 12.00
# Visual Studio 15
VisualStudioVersion = 15.0.27130.2024
MinimumVisualStudioVersion = 10.0.40219.1
Project("{8BC9CEB8-8B4A-11D0-8D11-00A0C91BC942}") = "S1-Ex1", "S1-Ex1.vcxproj", "{F8C9EC79-AB29-4BEE-94EE-ED6E1DFEFC26}"
EndProject
Global
	GlobalSection(SolutionConfigurationPlatforms) = preSolution
		Debug|x64 = Debug|x64
		Debug|x86 = Debug|x86
		Release|x64 = Release|x64
		Release|x86 = Release|x86
	EndGlobalSection
	GlobalSection(ProjectConfigurationPlatforms) = postSolution
		{F8C9EC79-AB29-4BEE-94EE-ED6E1DFEFC26}.Debug|x64.ActiveCfg = Debug|x64
		{F8C9EC79-AB29-4BEE-94EE-ED6E1DFEFC26}.Debug|x64.Build.0 = Debug|x64
		{F8C9EC79-AB29-4BEE-94EE-ED6E1DFEFC26}.Debug|x86.ActiveCfg = Debug|Win32
		{F8C9EC79-AB29-4BEE-94EE-ED6E1DFEFC26}.Debug|x86.Build.0 = Debug|Win32
		{F8C9EC79-AB29-4BEE-94EE-ED6E1DFEFC26}.Release|x64.ActiveCfg = Release|x64
		{F8C9EC79-AB29-4BEE-94EE-ED6E1DFEFC26}.Release|x64.Build.0 = Release|x64
		{F8C9EC79-AB29-4BEE-94EE-ED6E1DFEFC26}.Release|x86.ActiveCfg = Release|Win32
		{F8C9EC79-AB29-4BEE-94EE-ED6E1DFEFC26}.Release|x86.Build.0 = Release|Win32
	EndGlobalSection
	GlobalSection(SolutionProperties) = preSolution
		HideSolutionNode = FALSE
	EndGlobalSection
	GlobalSection(ExtensibilityGlobals) = postSolution
		SolutionGuid = {BC066C3D-BC49-4D42-AA22-F3ACEF345C30}
	EndGlobalSection
EndGlobal
