
Microsoft Visual Studio Solution File, Format Version 12.00
# Visual Studio 15
VisualStudioVersion = 15.0.27130.2024
MinimumVisualStudioVersion = 10.0.40219.1
Project("{8BC9CEB8-8B4A-11D0-8D11-00A0C91BC942}") = "Ex9 - Sessio1", "Ex9 - Sessio1.vcxproj", "{418174D0-59A4-4BD0-BF7F-3637295085B5}"
EndProject
Global
	GlobalSection(SolutionConfigurationPlatforms) = preSolution
		Debug|x64 = Debug|x64
		Debug|x86 = Debug|x86
		Release|x64 = Release|x64
		Release|x86 = Release|x86
	EndGlobalSection
	GlobalSection(ProjectConfigurationPlatforms) = postSolution
		{418174D0-59A4-4BD0-BF7F-3637295085B5}.Debug|x64.ActiveCfg = Debug|x64
		{418174D0-59A4-4BD0-BF7F-3637295085B5}.Debug|x64.Build.0 = Debug|x64
		{418174D0-59A4-4BD0-BF7F-3637295085B5}.Debug|x86.ActiveCfg = Debug|Win32
		{418174D0-59A4-4BD0-BF7F-3637295085B5}.Debug|x86.Build.0 = Debug|Win32
		{418174D0-59A4-4BD0-BF7F-3637295085B5}.Release|x64.ActiveCfg = Release|x64
		{418174D0-59A4-4BD0-BF7F-3637295085B5}.Release|x64.Build.0 = Release|x64
		{418174D0-59A4-4BD0-BF7F-3637295085B5}.Release|x86.ActiveCfg = Release|Win32
		{418174D0-59A4-4BD0-BF7F-3637295085B5}.Release|x86.Build.0 = Release|Win32
	EndGlobalSection
	GlobalSection(SolutionProperties) = preSolution
		HideSolutionNode = FALSE
	EndGlobalSection
	GlobalSection(ExtensibilityGlobals) = postSolution
		SolutionGuid = {E93EAF28-AEC5-41BC-9E57-62B70318CC4A}
	EndGlobalSection
EndGlobal
