
Microsoft Visual Studio Solution File, Format Version 12.00
# Visual Studio 15
VisualStudioVersion = 15.0.27130.2024
MinimumVisualStudioVersion = 10.0.40219.1
Project("{8BC9CEB8-8B4A-11D0-8D11-00A0C91BC942}") = "Ex7", "Ex7.vcxproj", "{B9B036A1-6395-4BC9-8724-52C3E472FBAF}"
EndProject
Global
	GlobalSection(SolutionConfigurationPlatforms) = preSolution
		Debug|x64 = Debug|x64
		Debug|x86 = Debug|x86
		Release|x64 = Release|x64
		Release|x86 = Release|x86
	EndGlobalSection
	GlobalSection(ProjectConfigurationPlatforms) = postSolution
		{B9B036A1-6395-4BC9-8724-52C3E472FBAF}.Debug|x64.ActiveCfg = Debug|x64
		{B9B036A1-6395-4BC9-8724-52C3E472FBAF}.Debug|x64.Build.0 = Debug|x64
		{B9B036A1-6395-4BC9-8724-52C3E472FBAF}.Debug|x86.ActiveCfg = Debug|Win32
		{B9B036A1-6395-4BC9-8724-52C3E472FBAF}.Debug|x86.Build.0 = Debug|Win32
		{B9B036A1-6395-4BC9-8724-52C3E472FBAF}.Release|x64.ActiveCfg = Release|x64
		{B9B036A1-6395-4BC9-8724-52C3E472FBAF}.Release|x64.Build.0 = Release|x64
		{B9B036A1-6395-4BC9-8724-52C3E472FBAF}.Release|x86.ActiveCfg = Release|Win32
		{B9B036A1-6395-4BC9-8724-52C3E472FBAF}.Release|x86.Build.0 = Release|Win32
	EndGlobalSection
	GlobalSection(SolutionProperties) = preSolution
		HideSolutionNode = FALSE
	EndGlobalSection
	GlobalSection(ExtensibilityGlobals) = postSolution
		SolutionGuid = {8D18FE8A-0ACA-426C-B68C-D36FB4B690C6}
	EndGlobalSection
EndGlobal
